// !$*UTF8*$!
{
	archiveVersion = 1;
	classes = {
	};
	objectVersion = 50;
	objects = {

/* Begin PBXBuildFile section */
		4904937724BC19600025177A /* PostLoacationRequest.swift in Sources */ = {isa = PBXBuildFile; fileRef = 4904937624BC19600025177A /* PostLoacationRequest.swift */; };
		4909E7EA24BEA5CD006AF801 /* AddLocationViewController.swift in Sources */ = {isa = PBXBuildFile; fileRef = 4909E7E924BEA5CD006AF801 /* AddLocationViewController.swift */; };
		4954DA4824B80AC900E8E490 /* AppDelegate.swift in Sources */ = {isa = PBXBuildFile; fileRef = 4954DA4724B80AC900E8E490 /* AppDelegate.swift */; };
		4954DA4A24B80AC900E8E490 /* SceneDelegate.swift in Sources */ = {isa = PBXBuildFile; fileRef = 4954DA4924B80AC900E8E490 /* SceneDelegate.swift */; };
		4954DA4F24B80AC900E8E490 /* Main.storyboard in Resources */ = {isa = PBXBuildFile; fileRef = 4954DA4D24B80AC900E8E490 /* Main.storyboard */; };
		4954DA5124B80ACB00E8E490 /* Assets.xcassets in Resources */ = {isa = PBXBuildFile; fileRef = 4954DA5024B80ACB00E8E490 /* Assets.xcassets */; };
		4954DA5424B80ACB00E8E490 /* LaunchScreen.storyboard in Resources */ = {isa = PBXBuildFile; fileRef = 4954DA5224B80ACB00E8E490 /* LaunchScreen.storyboard */; };
		4954DA5F24B80ACB00E8E490 /* OnTheMapTests.swift in Sources */ = {isa = PBXBuildFile; fileRef = 4954DA5E24B80ACB00E8E490 /* OnTheMapTests.swift */; };
		4954DA6A24B80ACB00E8E490 /* OnTheMapUITests.swift in Sources */ = {isa = PBXBuildFile; fileRef = 4954DA6924B80ACB00E8E490 /* OnTheMapUITests.swift */; };
		4973A3BE24B962B000FD5BE3 /* LogInViewController.swift in Sources */ = {isa = PBXBuildFile; fileRef = 4973A3BD24B962B000FD5BE3 /* LogInViewController.swift */; };
		49849B3824BA983A0084215B /* StudentLocation.swift in Sources */ = {isa = PBXBuildFile; fileRef = 49849B3724BA983A0084215B /* StudentLocation.swift */; };
		49849B3A24BA988B0084215B /* Locations.swift in Sources */ = {isa = PBXBuildFile; fileRef = 49849B3924BA988B0084215B /* Locations.swift */; };
		49849B3C24BAA8950084215B /* ContainerViewController.swift in Sources */ = {isa = PBXBuildFile; fileRef = 49849B3B24BAA8950084215B /* ContainerViewController.swift */; };
		49B52D4424BAD930000E8404 /* TableViewController.swift in Sources */ = {isa = PBXBuildFile; fileRef = 49B52D4324BAD930000E8404 /* TableViewController.swift */; };
		49B52D4724BADB1B000E8404 /* StudentsLocationModel.swift in Sources */ = {isa = PBXBuildFile; fileRef = 49B52D4624BADB1B000E8404 /* StudentsLocationModel.swift */; };
		49B52D4924BADEC1000E8404 /* MapViewController.swift in Sources */ = {isa = PBXBuildFile; fileRef = 49B52D4824BADEC1000E8404 /* MapViewController.swift */; };
		49B52D4B24BADF99000E8404 /* UserInfo.swift in Sources */ = {isa = PBXBuildFile; fileRef = 49B52D4A24BADF99000E8404 /* UserInfo.swift */; };
		49BA563524BB8BD8002213F6 /* UserInfoResponse.swift in Sources */ = {isa = PBXBuildFile; fileRef = 49BA563424BB8BD8002213F6 /* UserInfoResponse.swift */; };
		49C45FC324B9730C00147875 /* SessionRequest.swift in Sources */ = {isa = PBXBuildFile; fileRef = 49C45FC224B9730C00147875 /* SessionRequest.swift */; };
		49C45FC524B9738500147875 /* Udacity.swift in Sources */ = {isa = PBXBuildFile; fileRef = 49C45FC424B9738500147875 /* Udacity.swift */; };
		49D7CE5224C1165F007E95EE /* UIViewController+API.swift in Sources */ = {isa = PBXBuildFile; fileRef = 49D7CE5124C1165F007E95EE /* UIViewController+API.swift */; };
		49DB1E4A24BA182C00006575 /* SessionResponse.swift in Sources */ = {isa = PBXBuildFile; fileRef = 49DB1E4924BA182C00006575 /* SessionResponse.swift */; };
		49DB1E4C24BA1A0100006575 /* API.swift in Sources */ = {isa = PBXBuildFile; fileRef = 49DB1E4B24BA1A0100006575 /* API.swift */; };
		49F732A424BFF77B00B6D82E /* VerifyLocationViewController.swift in Sources */ = {isa = PBXBuildFile; fileRef = 49F732A324BFF77B00B6D82E /* VerifyLocationViewController.swift */; };
/* End PBXBuildFile section */

/* Begin PBXContainerItemProxy section */
		4954DA5B24B80ACB00E8E490 /* PBXContainerItemProxy */ = {
			isa = PBXContainerItemProxy;
			containerPortal = 4954DA3C24B80AC900E8E490 /* Project object */;
			proxyType = 1;
			remoteGlobalIDString = 4954DA4324B80AC900E8E490;
			remoteInfo = OnTheMap;
		};
		4954DA6624B80ACB00E8E490 /* PBXContainerItemProxy */ = {
			isa = PBXContainerItemProxy;
			containerPortal = 4954DA3C24B80AC900E8E490 /* Project object */;
			proxyType = 1;
			remoteGlobalIDString = 4954DA4324B80AC900E8E490;
			remoteInfo = OnTheMap;
		};
/* End PBXContainerItemProxy section */

/* Begin PBXFileReference section */
		4904937624BC19600025177A /* PostLoacationRequest.swift */ = {isa = PBXFileReference; lastKnownFileType = sourcecode.swift; path = PostLoacationRequest.swift; sourceTree = "<group>"; };
		4909E7E924BEA5CD006AF801 /* AddLocationViewController.swift */ = {isa = PBXFileReference; lastKnownFileType = sourcecode.swift; path = AddLocationViewController.swift; sourceTree = "<group>"; };
		4954DA4424B80AC900E8E490 /* OnTheMap.app */ = {isa = PBXFileReference; explicitFileType = wrapper.application; includeInIndex = 0; path = OnTheMap.app; sourceTree = BUILT_PRODUCTS_DIR; };
		4954DA4724B80AC900E8E490 /* AppDelegate.swift */ = {isa = PBXFileReference; lastKnownFileType = sourcecode.swift; path = AppDelegate.swift; sourceTree = "<group>"; };
		4954DA4924B80AC900E8E490 /* SceneDelegate.swift */ = {isa = PBXFileReference; lastKnownFileType = sourcecode.swift; path = SceneDelegate.swift; sourceTree = "<group>"; };
		4954DA4E24B80AC900E8E490 /* Base */ = {isa = PBXFileReference; lastKnownFileType = file.storyboard; name = Base; path = Base.lproj/Main.storyboard; sourceTree = "<group>"; };
		4954DA5024B80ACB00E8E490 /* Assets.xcassets */ = {isa = PBXFileReference; lastKnownFileType = folder.assetcatalog; path = Assets.xcassets; sourceTree = "<group>"; };
		4954DA5324B80ACB00E8E490 /* Base */ = {isa = PBXFileReference; lastKnownFileType = file.storyboard; name = Base; path = Base.lproj/LaunchScreen.storyboard; sourceTree = "<group>"; };
		4954DA5524B80ACB00E8E490 /* Info.plist */ = {isa = PBXFileReference; lastKnownFileType = text.plist.xml; path = Info.plist; sourceTree = "<group>"; };
		4954DA5A24B80ACB00E8E490 /* OnTheMapTests.xctest */ = {isa = PBXFileReference; explicitFileType = wrapper.cfbundle; includeInIndex = 0; path = OnTheMapTests.xctest; sourceTree = BUILT_PRODUCTS_DIR; };
		4954DA5E24B80ACB00E8E490 /* OnTheMapTests.swift */ = {isa = PBXFileReference; lastKnownFileType = sourcecode.swift; path = OnTheMapTests.swift; sourceTree = "<group>"; };
		4954DA6024B80ACB00E8E490 /* Info.plist */ = {isa = PBXFileReference; lastKnownFileType = text.plist.xml; path = Info.plist; sourceTree = "<group>"; };
		4954DA6524B80ACB00E8E490 /* OnTheMapUITests.xctest */ = {isa = PBXFileReference; explicitFileType = wrapper.cfbundle; includeInIndex = 0; path = OnTheMapUITests.xctest; sourceTree = BUILT_PRODUCTS_DIR; };
		4954DA6924B80ACB00E8E490 /* OnTheMapUITests.swift */ = {isa = PBXFileReference; lastKnownFileType = sourcecode.swift; path = OnTheMapUITests.swift; sourceTree = "<group>"; };
		4954DA6B24B80ACB00E8E490 /* Info.plist */ = {isa = PBXFileReference; lastKnownFileType = text.plist.xml; path = Info.plist; sourceTree = "<group>"; };
		4973A3BD24B962B000FD5BE3 /* LogInViewController.swift */ = {isa = PBXFileReference; lastKnownFileType = sourcecode.swift; path = LogInViewController.swift; sourceTree = "<group>"; };
		49849B3724BA983A0084215B /* StudentLocation.swift */ = {isa = PBXFileReference; lastKnownFileType = sourcecode.swift; path = StudentLocation.swift; sourceTree = "<group>"; };
		49849B3924BA988B0084215B /* Locations.swift */ = {isa = PBXFileReference; lastKnownFileType = sourcecode.swift; path = Locations.swift; sourceTree = "<group>"; };
		49849B3B24BAA8950084215B /* ContainerViewController.swift */ = {isa = PBXFileReference; lastKnownFileType = sourcecode.swift; path = ContainerViewController.swift; sourceTree = "<group>"; };
		49B52D4324BAD930000E8404 /* TableViewController.swift */ = {isa = PBXFileReference; lastKnownFileType = sourcecode.swift; path = TableViewController.swift; sourceTree = "<group>"; };
		49B52D4624BADB1B000E8404 /* StudentsLocationModel.swift */ = {isa = PBXFileReference; lastKnownFileType = sourcecode.swift; path = StudentsLocationModel.swift; sourceTree = "<group>"; };
		49B52D4824BADEC1000E8404 /* MapViewController.swift */ = {isa = PBXFileReference; lastKnownFileType = sourcecode.swift; path = MapViewController.swift; sourceTree = "<group>"; };
		49B52D4A24BADF99000E8404 /* UserInfo.swift */ = {isa = PBXFileReference; lastKnownFileType = sourcecode.swift; path = UserInfo.swift; sourceTree = "<group>"; };
		49BA563424BB8BD8002213F6 /* UserInfoResponse.swift */ = {isa = PBXFileReference; lastKnownFileType = sourcecode.swift; path = UserInfoResponse.swift; sourceTree = "<group>"; };
		49C45FC224B9730C00147875 /* SessionRequest.swift */ = {isa = PBXFileReference; lastKnownFileType = sourcecode.swift; path = SessionRequest.swift; sourceTree = "<group>"; };
		49C45FC424B9738500147875 /* Udacity.swift */ = {isa = PBXFileReference; lastKnownFileType = sourcecode.swift; path = Udacity.swift; sourceTree = "<group>"; };
		49D7CE5124C1165F007E95EE /* UIViewController+API.swift */ = {isa = PBXFileReference; lastKnownFileType = sourcecode.swift; path = "UIViewController+API.swift"; sourceTree = "<group>"; };
		49DB1E4924BA182C00006575 /* SessionResponse.swift */ = {isa = PBXFileReference; lastKnownFileType = sourcecode.swift; path = SessionResponse.swift; sourceTree = "<group>"; };
		49DB1E4B24BA1A0100006575 /* API.swift */ = {isa = PBXFileReference; lastKnownFileType = sourcecode.swift; name = API.swift; path = Requests/API.swift; sourceTree = "<group>"; };
		49F732A324BFF77B00B6D82E /* VerifyLocationViewController.swift */ = {isa = PBXFileReference; lastKnownFileType = sourcecode.swift; path = VerifyLocationViewController.swift; sourceTree = "<group>"; };
/* End PBXFileReference section */

/* Begin PBXFrameworksBuildPhase section */
		4954DA4124B80AC900E8E490 /* Frameworks */ = {
			isa = PBXFrameworksBuildPhase;
			buildActionMask = 2147483647;
			files = (
			);
			runOnlyForDeploymentPostprocessing = 0;
		};
		4954DA5724B80ACB00E8E490 /* Frameworks */ = {
			isa = PBXFrameworksBuildPhase;
			buildActionMask = 2147483647;
			files = (
			);
			runOnlyForDeploymentPostprocessing = 0;
		};
		4954DA6224B80ACB00E8E490 /* Frameworks */ = {
			isa = PBXFrameworksBuildPhase;
			buildActionMask = 2147483647;
			files = (
			);
			runOnlyForDeploymentPostprocessing = 0;
		};
/* End PBXFrameworksBuildPhase section */

/* Begin PBXGroup section */
		4954DA3B24B80AC900E8E490 = {
			isa = PBXGroup;
			children = (
				4954DA4624B80AC900E8E490 /* OnTheMap */,
				4954DA5D24B80ACB00E8E490 /* OnTheMapTests */,
				4954DA6824B80ACB00E8E490 /* OnTheMapUITests */,
				4954DA4524B80AC900E8E490 /* Products */,
			);
			sourceTree = "<group>";
		};
		4954DA4524B80AC900E8E490 /* Products */ = {
			isa = PBXGroup;
			children = (
				4954DA4424B80AC900E8E490 /* OnTheMap.app */,
				4954DA5A24B80ACB00E8E490 /* OnTheMapTests.xctest */,
				4954DA6524B80ACB00E8E490 /* OnTheMapUITests.xctest */,
			);
			name = Products;
			sourceTree = "<group>";
		};
		4954DA4624B80AC900E8E490 /* OnTheMap */ = {
			isa = PBXGroup;
			children = (
				4954DA4724B80AC900E8E490 /* AppDelegate.swift */,
				4954DA4924B80AC900E8E490 /* SceneDelegate.swift */,
				4973A3BF24B9639D00FD5BE3 /* Model */,
				4973A3BC24B9628200FD5BE3 /* Controller */,
				4954DA4D24B80AC900E8E490 /* Main.storyboard */,
				4954DA5024B80ACB00E8E490 /* Assets.xcassets */,
				4954DA5224B80ACB00E8E490 /* LaunchScreen.storyboard */,
				4954DA5524B80ACB00E8E490 /* Info.plist */,
			);
			path = OnTheMap;
			sourceTree = "<group>";
		};
		4954DA5D24B80ACB00E8E490 /* OnTheMapTests */ = {
			isa = PBXGroup;
			children = (
				4954DA5E24B80ACB00E8E490 /* OnTheMapTests.swift */,
				4954DA6024B80ACB00E8E490 /* Info.plist */,
			);
			path = OnTheMapTests;
			sourceTree = "<group>";
		};
		4954DA6824B80ACB00E8E490 /* OnTheMapUITests */ = {
			isa = PBXGroup;
			children = (
				4954DA6924B80ACB00E8E490 /* OnTheMapUITests.swift */,
				4954DA6B24B80ACB00E8E490 /* Info.plist */,
			);
			path = OnTheMapUITests;
			sourceTree = "<group>";
		};
		4973A3BC24B9628200FD5BE3 /* Controller */ = {
			isa = PBXGroup;
			children = (
				4973A3BD24B962B000FD5BE3 /* LogInViewController.swift */,
				49849B3B24BAA8950084215B /* ContainerViewController.swift */,
				49B52D4324BAD930000E8404 /* TableViewController.swift */,
				49B52D4824BADEC1000E8404 /* MapViewController.swift */,
				4909E7E924BEA5CD006AF801 /* AddLocationViewController.swift */,
				49F732A324BFF77B00B6D82E /* VerifyLocationViewController.swift */,
			);
			path = Controller;
			sourceTree = "<group>";
		};
		4973A3BF24B9639D00FD5BE3 /* Model */ = {
			isa = PBXGroup;
			children = (
				49D7CE5024C1162F007E95EE /* Extensions */,
				49B52D4524BADAF5000E8404 /* Data */,
				49DB1E4B24BA1A0100006575 /* API.swift */,
				49C45FC124B972BF00147875 /* Requests */,
				49DB1E4824BA17D800006575 /* Response */,
			);
			path = Model;
			sourceTree = "<group>";
		};
		49B52D4524BADAF5000E8404 /* Data */ = {
			isa = PBXGroup;
			children = (
				49B52D4624BADB1B000E8404 /* StudentsLocationModel.swift */,
				49B52D4A24BADF99000E8404 /* UserInfo.swift */,
			);
			path = Data;
			sourceTree = "<group>";
		};
		49C45FC124B972BF00147875 /* Requests */ = {
			isa = PBXGroup;
			children = (
				49C45FC224B9730C00147875 /* SessionRequest.swift */,
				49C45FC424B9738500147875 /* Udacity.swift */,
				4904937624BC19600025177A /* PostLoacationRequest.swift */,
			);
			path = Requests;
			sourceTree = "<group>";
		};
		49D7CE5024C1162F007E95EE /* Extensions */ = {
			isa = PBXGroup;
			children = (
				49D7CE5124C1165F007E95EE /* UIViewController+API.swift */,
			);
			path = Extensions;
			sourceTree = "<group>";
		};
		49DB1E4824BA17D800006575 /* Response */ = {
			isa = PBXGroup;
			children = (
				49DB1E4924BA182C00006575 /* SessionResponse.swift */,
				49849B3724BA983A0084215B /* StudentLocation.swift */,
				49849B3924BA988B0084215B /* Locations.swift */,
				49BA563424BB8BD8002213F6 /* UserInfoResponse.swift */,
			);
			path = Response;
			sourceTree = "<group>";
		};
/* End PBXGroup section */

/* Begin PBXNativeTarget section */
		4954DA4324B80AC900E8E490 /* OnTheMap */ = {
			isa = PBXNativeTarget;
			buildConfigurationList = 4954DA6E24B80ACB00E8E490 /* Build configuration list for PBXNativeTarget "OnTheMap" */;
			buildPhases = (
				4954DA4024B80AC900E8E490 /* Sources */,
				4954DA4124B80AC900E8E490 /* Frameworks */,
				4954DA4224B80AC900E8E490 /* Resources */,
			);
			buildRules = (
			);
			dependencies = (
			);
			name = OnTheMap;
			productName = OnTheMap;
			productReference = 4954DA4424B80AC900E8E490 /* OnTheMap.app */;
			productType = "com.apple.product-type.application";
		};
		4954DA5924B80ACB00E8E490 /* OnTheMapTests */ = {
			isa = PBXNativeTarget;
			buildConfigurationList = 4954DA7124B80ACB00E8E490 /* Build configuration list for PBXNativeTarget "OnTheMapTests" */;
			buildPhases = (
				4954DA5624B80ACB00E8E490 /* Sources */,
				4954DA5724B80ACB00E8E490 /* Frameworks */,
				4954DA5824B80ACB00E8E490 /* Resources */,
			);
			buildRules = (
			);
			dependencies = (
				4954DA5C24B80ACB00E8E490 /* PBXTargetDependency */,
			);
			name = OnTheMapTests;
			productName = OnTheMapTests;
			productReference = 4954DA5A24B80ACB00E8E490 /* OnTheMapTests.xctest */;
			productType = "com.apple.product-type.bundle.unit-test";
		};
		4954DA6424B80ACB00E8E490 /* OnTheMapUITests */ = {
			isa = PBXNativeTarget;
			buildConfigurationList = 4954DA7424B80ACB00E8E490 /* Build configuration list for PBXNativeTarget "OnTheMapUITests" */;
			buildPhases = (
				4954DA6124B80ACB00E8E490 /* Sources */,
				4954DA6224B80ACB00E8E490 /* Frameworks */,
				4954DA6324B80ACB00E8E490 /* Resources */,
			);
			buildRules = (
			);
			dependencies = (
				4954DA6724B80ACB00E8E490 /* PBXTargetDependency */,
			);
			name = OnTheMapUITests;
			productName = OnTheMapUITests;
			productReference = 4954DA6524B80ACB00E8E490 /* OnTheMapUITests.xctest */;
			productType = "com.apple.product-type.bundle.ui-testing";
		};
/* End PBXNativeTarget section */

/* Begin PBXProject section */
		4954DA3C24B80AC900E8E490 /* Project object */ = {
			isa = PBXProject;
			attributes = {
				LastSwiftUpdateCheck = 1150;
				LastUpgradeCheck = 1150;
				ORGANIZATIONNAME = lama;
				TargetAttributes = {
					4954DA4324B80AC900E8E490 = {
						CreatedOnToolsVersion = 11.5;
					};
					4954DA5924B80ACB00E8E490 = {
						CreatedOnToolsVersion = 11.5;
						TestTargetID = 4954DA4324B80AC900E8E490;
					};
					4954DA6424B80ACB00E8E490 = {
						CreatedOnToolsVersion = 11.5;
						TestTargetID = 4954DA4324B80AC900E8E490;
					};
				};
			};
			buildConfigurationList = 4954DA3F24B80AC900E8E490 /* Build configuration list for PBXProject "OnTheMap" */;
			compatibilityVersion = "Xcode 9.3";
			developmentRegion = en;
			hasScannedForEncodings = 0;
			knownRegions = (
				en,
				Base,
			);
			mainGroup = 4954DA3B24B80AC900E8E490;
			productRefGroup = 4954DA4524B80AC900E8E490 /* Products */;
			projectDirPath = "";
			projectRoot = "";
			targets = (
				4954DA4324B80AC900E8E490 /* OnTheMap */,
				4954DA5924B80ACB00E8E490 /* OnTheMapTests */,
				4954DA6424B80ACB00E8E490 /* OnTheMapUITests */,
			);
		};
/* End PBXProject section */

/* Begin PBXResourcesBuildPhase section */
		4954DA4224B80AC900E8E490 /* Resources */ = {
			isa = PBXResourcesBuildPhase;
			buildActionMask = 2147483647;
			files = (
				4954DA5424B80ACB00E8E490 /* LaunchScreen.storyboard in Resources */,
				4954DA5124B80ACB00E8E490 /* Assets.xcassets in Resources */,
				4954DA4F24B80AC900E8E490 /* Main.storyboard in Resources */,
			);
			runOnlyForDeploymentPostprocessing = 0;
		};
		4954DA5824B80ACB00E8E490 /* Resources */ = {
			isa = PBXResourcesBuildPhase;
			buildActionMask = 2147483647;
			files = (
			);
			runOnlyForDeploymentPostprocessing = 0;
		};
		4954DA6324B80ACB00E8E490 /* Resources */ = {
			isa = PBXResourcesBuildPhase;
			buildActionMask = 2147483647;
			files = (
			);
			runOnlyForDeploymentPostprocessing = 0;
		};
/* End PBXResourcesBuildPhase section */

/* Begin PBXSourcesBuildPhase section */
		4954DA4024B80AC900E8E490 /* Sources */ = {
			isa = PBXSourcesBuildPhase;
			buildActionMask = 2147483647;
			files = (
				49F732A424BFF77B00B6D82E /* VerifyLocationViewController.swift in Sources */,
				49849B3824BA983A0084215B /* StudentLocation.swift in Sources */,
				4973A3BE24B962B000FD5BE3 /* LogInViewController.swift in Sources */,
				4954DA4824B80AC900E8E490 /* AppDelegate.swift in Sources */,
				49849B3C24BAA8950084215B /* ContainerViewController.swift in Sources */,
				49B52D4724BADB1B000E8404 /* StudentsLocationModel.swift in Sources */,
				4954DA4A24B80AC900E8E490 /* SceneDelegate.swift in Sources */,
				49C45FC324B9730C00147875 /* SessionRequest.swift in Sources */,
				49B52D4424BAD930000E8404 /* TableViewController.swift in Sources */,
				49C45FC524B9738500147875 /* Udacity.swift in Sources */,
				49DB1E4C24BA1A0100006575 /* API.swift in Sources */,
				49BA563524BB8BD8002213F6 /* UserInfoResponse.swift in Sources */,
				49849B3A24BA988B0084215B /* Locations.swift in Sources */,
				4909E7EA24BEA5CD006AF801 /* AddLocationViewController.swift in Sources */,
				49DB1E4A24BA182C00006575 /* SessionResponse.swift in Sources */,
				49B52D4B24BADF99000E8404 /* UserInfo.swift in Sources */,
				4904937724BC19600025177A /* PostLoacationRequest.swift in Sources */,
				49D7CE5224C1165F007E95EE /* UIViewController+API.swift in Sources */,
				49B52D4924BADEC1000E8404 /* MapViewController.swift in Sources */,
			);
			runOnlyForDeploymentPostprocessing = 0;
		};
		4954DA5624B80ACB00E8E490 /* Sources */ = {
			isa = PBXSourcesBuildPhase;
			buildActionMask = 2147483647;
			files = (
				4954DA5F24B80ACB00E8E490 /* OnTheMapTests.swift in Sources */,
			);
			runOnlyForDeploymentPostprocessing = 0;
		};
		4954DA6124B80ACB00E8E490 /* Sources */ = {
			isa = PBXSourcesBuildPhase;
			buildActionMask = 2147483647;
			files = (
				4954DA6A24B80ACB00E8E490 /* OnTheMapUITests.swift in Sources */,
			);
			runOnlyForDeploymentPostprocessing = 0;
		};
/* End PBXSourcesBuildPhase section */

/* Begin PBXTargetDependency section */
		4954DA5C24B80ACB00E8E490 /* PBXTargetDependency */ = {
			isa = PBXTargetDependency;
			target = 4954DA4324B80AC900E8E490 /* OnTheMap */;
			targetProxy = 4954DA5B24B80ACB00E8E490 /* PBXContainerItemProxy */;
		};
		4954DA6724B80ACB00E8E490 /* PBXTargetDependency */ = {
			isa = PBXTargetDependency;
			target = 4954DA4324B80AC900E8E490 /* OnTheMap */;
			targetProxy = 4954DA6624B80ACB00E8E490 /* PBXContainerItemProxy */;
		};
/* End PBXTargetDependency section */

/* Begin PBXVariantGroup section */
		4954DA4D24B80AC900E8E490 /* Main.storyboard */ = {
			isa = PBXVariantGroup;
			children = (
				4954DA4E24B80AC900E8E490 /* Base */,
			);
			name = Main.storyboard;
			sourceTree = "<group>";
		};
		4954DA5224B80ACB00E8E490 /* LaunchScreen.storyboard */ = {
			isa = PBXVariantGroup;
			children = (
				4954DA5324B80ACB00E8E490 /* Base */,
			);
			name = LaunchScreen.storyboard;
			sourceTree = "<group>";
		};
/* End PBXVariantGroup section */

/* Begin XCBuildConfiguration section */
		4954DA6C24B80ACB00E8E490 /* Debug */ = {
			isa = XCBuildConfiguration;
			buildSettings = {
				ALWAYS_SEARCH_USER_PATHS = NO;
				CLANG_ANALYZER_NONNULL = YES;
				CLANG_ANALYZER_NUMBER_OBJECT_CONVERSION = YES_AGGRESSIVE;
				CLANG_CXX_LANGUAGE_STANDARD = "gnu++14";
				CLANG_CXX_LIBRARY = "libc++";
				CLANG_ENABLE_MODULES = YES;
				CLANG_ENABLE_OBJC_ARC = YES;
				CLANG_ENABLE_OBJC_WEAK = YES;
				CLANG_WARN_BLOCK_CAPTURE_AUTORELEASING = YES;
				CLANG_WARN_BOOL_CONVERSION = YES;
				CLANG_WARN_COMMA = YES;
				CLANG_WARN_CONSTANT_CONVERSION = YES;
				CLANG_WARN_DEPRECATED_OBJC_IMPLEMENTATIONS = YES;
				CLANG_WARN_DIRECT_OBJC_ISA_USAGE = YES_ERROR;
				CLANG_WARN_DOCUMENTATION_COMMENTS = YES;
				CLANG_WARN_EMPTY_BODY = YES;
				CLANG_WARN_ENUM_CONVERSION = YES;
				CLANG_WARN_INFINITE_RECURSION = YES;
				CLANG_WARN_INT_CONVERSION = YES;
				CLANG_WARN_NON_LITERAL_NULL_CONVERSION = YES;
				CLANG_WARN_OBJC_IMPLICIT_RETAIN_SELF = YES;
				CLANG_WARN_OBJC_LITERAL_CONVERSION = YES;
				CLANG_WARN_OBJC_ROOT_CLASS = YES_ERROR;
				CLANG_WARN_RANGE_LOOP_ANALYSIS = YES;
				CLANG_WARN_STRICT_PROTOTYPES = YES;
				CLANG_WARN_SUSPICIOUS_MOVE = YES;
				CLANG_WARN_UNGUARDED_AVAILABILITY = YES_AGGRESSIVE;
				CLANG_WARN_UNREACHABLE_CODE = YES;
				CLANG_WARN__DUPLICATE_METHOD_MATCH = YES;
				COPY_PHASE_STRIP = NO;
				DEBUG_INFORMATION_FORMAT = dwarf;
				ENABLE_STRICT_OBJC_MSGSEND = YES;
				ENABLE_TESTABILITY = YES;
				GCC_C_LANGUAGE_STANDARD = gnu11;
				GCC_DYNAMIC_NO_PIC = NO;
				GCC_NO_COMMON_BLOCKS = YES;
				GCC_OPTIMIZATION_LEVEL = 0;
				GCC_PREPROCESSOR_DEFINITIONS = (
					"DEBUG=1",
					"$(inherited)",
				);
				GCC_WARN_64_TO_32_BIT_CONVERSION = YES;
				GCC_WARN_ABOUT_RETURN_TYPE = YES_ERROR;
				GCC_WARN_UNDECLARED_SELECTOR = YES;
				GCC_WARN_UNINITIALIZED_AUTOS = YES_AGGRESSIVE;
				GCC_WARN_UNUSED_FUNCTION = YES;
				GCC_WARN_UNUSED_VARIABLE = YES;
				IPHONEOS_DEPLOYMENT_TARGET = 13.5;
				MTL_ENABLE_DEBUG_INFO = INCLUDE_SOURCE;
				MTL_FAST_MATH = YES;
				ONLY_ACTIVE_ARCH = YES;
				SDKROOT = iphoneos;
				SWIFT_ACTIVE_COMPILATION_CONDITIONS = DEBUG;
				SWIFT_OPTIMIZATION_LEVEL = "-Onone";
			};
			name = Debug;
		};
		4954DA6D24B80ACB00E8E490 /* Release */ = {
			isa = XCBuildConfiguration;
			buildSettings = {
				ALWAYS_SEARCH_USER_PATHS = NO;
				CLANG_ANALYZER_NONNULL = YES;
				CLANG_ANALYZER_NUMBER_OBJECT_CONVERSION = YES_AGGRESSIVE;
				CLANG_CXX_LANGUAGE_STANDARD = "gnu++14";
				CLANG_CXX_LIBRARY = "libc++";
				CLANG_ENABLE_MODULES = YES;
				CLANG_ENABLE_OBJC_ARC = YES;
				CLANG_ENABLE_OBJC_WEAK = YES;
				CLANG_WARN_BLOCK_CAPTURE_AUTORELEASING = YES;
				CLANG_WARN_BOOL_CONVERSION = YES;
				CLANG_WARN_COMMA = YES;
				CLANG_WARN_CONSTANT_CONVERSION = YES;
				CLANG_WARN_DEPRECATED_OBJC_IMPLEMENTATIONS = YES;
				CLANG_WARN_DIRECT_OBJC_ISA_USAGE = YES_ERROR;
				CLANG_WARN_DOCUMENTATION_COMMENTS = YES;
				CLANG_WARN_EMPTY_BODY = YES;
				CLANG_WARN_ENUM_CONVERSION = YES;
				CLANG_WARN_INFINITE_RECURSION = YES;
				CLANG_WARN_INT_CONVERSION = YES;
				CLANG_WARN_NON_LITERAL_NULL_CONVERSION = YES;
				CLANG_WARN_OBJC_IMPLICIT_RETAIN_SELF = YES;
				CLANG_WARN_OBJC_LITERAL_CONVERSION = YES;
				CLANG_WARN_OBJC_ROOT_CLASS = YES_ERROR;
				CLANG_WARN_RANGE_LOOP_ANALYSIS = YES;
				CLANG_WARN_STRICT_PROTOTYPES = YES;
				CLANG_WARN_SUSPICIOUS_MOVE = YES;
				CLANG_WARN_UNGUARDED_AVAILABILITY = YES_AGGRESSIVE;
				CLANG_WARN_UNREACHABLE_CODE = YES;
				CLANG_WARN__DUPLICATE_METHOD_MATCH = YES;
				COPY_PHASE_STRIP = NO;
				DEBUG_INFORMATION_FORMAT = "dwarf-with-dsym";
				ENABLE_NS_ASSERTIONS = NO;
				ENABLE_STRICT_OBJC_MSGSEND = YES;
				GCC_C_LANGUAGE_STANDARD = gnu11;
				GCC_NO_COMMON_BLOCKS = YES;
				GCC_WARN_64_TO_32_BIT_CONVERSION = YES;
				GCC_WARN_ABOUT_RETURN_TYPE = YES_ERROR;
				GCC_WARN_UNDECLARED_SELECTOR = YES;
				GCC_WARN_UNINITIALIZED_AUTOS = YES_AGGRESSIVE;
				GCC_WARN_UNUSED_FUNCTION = YES;
				GCC_WARN_UNUSED_VARIABLE = YES;
				IPHONEOS_DEPLOYMENT_TARGET = 13.5;
				MTL_ENABLE_DEBUG_INFO = NO;
				MTL_FAST_MATH = YES;
				SDKROOT = iphoneos;
				SWIFT_COMPILATION_MODE = wholemodule;
				SWIFT_OPTIMIZATION_LEVEL = "-O";
				VALIDATE_PRODUCT = YES;
			};
			name = Release;
		};
		4954DA6F24B80ACB00E8E490 /* Debug */ = {
			isa = XCBuildConfiguration;
			buildSettings = {
				ASSETCATALOG_COMPILER_APPICON_NAME = AppIcon;
				CODE_SIGN_STYLE = Automatic;
				DEVELOPMENT_TEAM = HNTZ5YG36J;
				INFOPLIST_FILE = OnTheMap/Info.plist;
				LD_RUNPATH_SEARCH_PATHS = (
					"$(inherited)",
					"@executable_path/Frameworks",
				);
				PRODUCT_BUNDLE_IDENTIFIER = lama.OnTheMap;
				PRODUCT_NAME = "$(TARGET_NAME)";
				SWIFT_VERSION = 5.0;
				TARGETED_DEVICE_FAMILY = "1,2";
			};
			name = Debug;
		};
		4954DA7024B80ACB00E8E490 /* Release */ = {
			isa = XCBuildConfiguration;
			buildSettings = {
				ASSETCATALOG_COMPILER_APPICON_NAME = AppIcon;
				CODE_SIGN_STYLE = Automatic;
				DEVELOPMENT_TEAM = HNTZ5YG36J;
				INFOPLIST_FILE = OnTheMap/Info.plist;
				LD_RUNPATH_SEARCH_PATHS = (
					"$(inherited)",
					"@executable_path/Frameworks",
				);
				PRODUCT_BUNDLE_IDENTIFIER = lama.OnTheMap;
				PRODUCT_NAME = "$(TARGET_NAME)";
				SWIFT_VERSION = 5.0;
				TARGETED_DEVICE_FAMILY = "1,2";
			};
			name = Release;
		};
		4954DA7224B80ACB00E8E490 /* Debug */ = {
			isa = XCBuildConfiguration;
			buildSettings = {
				ALWAYS_EMBED_SWIFT_STANDARD_LIBRARIES = YES;
				BUNDLE_LOADER = "$(TEST_HOST)";
				CODE_SIGN_STYLE = Automatic;
				DEVELOPMENT_TEAM = HNTZ5YG36J;
				INFOPLIST_FILE = OnTheMapTests/Info.plist;
				IPHONEOS_DEPLOYMENT_TARGET = 13.5;
				LD_RUNPATH_SEARCH_PATHS = (
					"$(inherited)",
					"@executable_path/Frameworks",
					"@loader_path/Frameworks",
				);
				PRODUCT_BUNDLE_IDENTIFIER = lama.OnTheMapTests;
				PRODUCT_NAME = "$(TARGET_NAME)";
				SWIFT_VERSION = 5.0;
				TARGETED_DEVICE_FAMILY = "1,2";
				TEST_HOST = "$(BUILT_PRODUCTS_DIR)/OnTheMap.app/OnTheMap";
			};
			name = Debug;
		};
		4954DA7324B80ACB00E8E490 /* Release */ = {
			isa = XCBuildConfiguration;
			buildSettings = {
				ALWAYS_EMBED_SWIFT_STANDARD_LIBRARIES = YES;
				BUNDLE_LOADER = "$(TEST_HOST)";
				CODE_SIGN_STYLE = Automatic;
				DEVELOPMENT_TEAM = HNTZ5YG36J;
				INFOPLIST_FILE = OnTheMapTests/Info.plist;
				IPHONEOS_DEPLOYMENT_TARGET = 13.5;
				LD_RUNPATH_SEARCH_PATHS = (
					"$(inherited)",
					"@executable_path/Frameworks",
					"@loader_path/Frameworks",
				);
				PRODUCT_BUNDLE_IDENTIFIER = lama.OnTheMapTests;
				PRODUCT_NAME = "$(TARGET_NAME)";
				SWIFT_VERSION = 5.0;
				TARGETED_DEVICE_FAMILY = "1,2";
				TEST_HOST = "$(BUILT_PRODUCTS_DIR)/OnTheMap.app/OnTheMap";
			};
			name = Release;
		};
		4954DA7524B80ACB00E8E490 /* Debug */ = {
			isa = XCBuildConfiguration;
			buildSettings = {
				ALWAYS_EMBED_SWIFT_STANDARD_LIBRARIES = YES;
				CODE_SIGN_STYLE = Automatic;
				DEVELOPMENT_TEAM = HNTZ5YG36J;
				INFOPLIST_FILE = OnTheMapUITests/Info.plist;
				LD_RUNPATH_SEARCH_PATHS = (
					"$(inherited)",
					"@executable_path/Frameworks",
					"@loader_path/Frameworks",
				);
				PRODUCT_BUNDLE_IDENTIFIER = lama.OnTheMapUITests;
				PRODUCT_NAME = "$(TARGET_NAME)";
				SWIFT_VERSION = 5.0;
				TARGETED_DEVICE_FAMILY = "1,2";
				TEST_TARGET_NAME = OnTheMap;
			};
			name = Debug;
		};
		4954DA7624B80ACB00E8E490 /* Release */ = {
			isa = XCBuildConfiguration;
			buildSettings = {
				ALWAYS_EMBED_SWIFT_STANDARD_LIBRARIES = YES;
				CODE_SIGN_STYLE = Automatic;
				DEVELOPMENT_TEAM = HNTZ5YG36J;
				INFOPLIST_FILE = OnTheMapUITests/Info.plist;
				LD_RUNPATH_SEARCH_PATHS = (
					"$(inherited)",
					"@executable_path/Frameworks",
					"@loader_path/Frameworks",
				);
				PRODUCT_BUNDLE_IDENTIFIER = lama.OnTheMapUITests;
				PRODUCT_NAME = "$(TARGET_NAME)";
				SWIFT_VERSION = 5.0;
				TARGETED_DEVICE_FAMILY = "1,2";
				TEST_TARGET_NAME = OnTheMap;
			};
			name = Release;
		};
/* End XCBuildConfiguration section */

/* Begin XCConfigurationList section */
		4954DA3F24B80AC900E8E490 /* Build configuration list for PBXProject "OnTheMap" */ = {
			isa = XCConfigurationList;
			buildConfigurations = (
				4954DA6C24B80ACB00E8E490 /* Debug */,
				4954DA6D24B80ACB00E8E490 /* Release */,
			);
			defaultConfigurationIsVisible = 0;
			defaultConfigurationName = Release;
		};
		4954DA6E24B80ACB00E8E490 /* Build configuration list for PBXNativeTarget "OnTheMap" */ = {
			isa = XCConfigurationList;
			buildConfigurations = (
				4954DA6F24B80ACB00E8E490 /* Debug */,
				4954DA7024B80ACB00E8E490 /* Release */,
			);
			defaultConfigurationIsVisible = 0;
			defaultConfigurationName = Release;
		};
		4954DA7124B80ACB00E8E490 /* Build configuration list for PBXNativeTarget "OnTheMapTests" */ = {
			isa = XCConfigurationList;
			buildConfigurations = (
				4954DA7224B80ACB00E8E490 /* Debug */,
				4954DA7324B80ACB00E8E490 /* Release */,
			);
			defaultConfigurationIsVisible = 0;
			defaultConfigurationName = Release;
		};
		4954DA7424B80ACB00E8E490 /* Build configuration list for PBXNativeTarget "OnTheMapUITests" */ = {
			isa = XCConfigurationList;
			buildConfigurations = (
				4954DA7524B80ACB00E8E490 /* Debug */,
				4954DA7624B80ACB00E8E490 /* Release */,
			);
			defaultConfigurationIsVisible = 0;
			defaultConfigurationName = Release;
		};
/* End XCConfigurationList section */
	};
	rootObject = 4954DA3C24B80AC900E8E490 /* Project object */;
}
